
Microsoft Visual Studio Solution File, Format Version 12.00
# Visual Studio Version 17
VisualStudioVersion = 17.0.31903.59
MinimumVisualStudioVersion = 10.0.40219.1
Project("{8BC9CEB8-8B4A-11D0-8D11-00A0C91BC942}") = "BoyerMoore", "BoyerMoore\BoyerMoore.vcxproj", "{002B94CB-0AD1-435F-914C-49CA4745CDE0}"
EndProject
Global
	GlobalSection(SolutionConfigurationPlatforms) = preSolution
		Debug|x64 = Debug|x64
		Debug|x86 = Debug|x86
		Release|x64 = Release|x64
		Release|x86 = Release|x86
	EndGlobalSection
	GlobalSection(ProjectConfigurationPlatforms) = postSolution
		{002B94CB-0AD1-435F-914C-49CA4745CDE0}.Debug|x64.ActiveCfg = Debug|x64
		{002B94CB-0AD1-435F-914C-49CA4745CDE0}.Debug|x64.Build.0 = Debug|x64
		{002B94CB-0AD1-435F-914C-49CA4745CDE0}.Debug|x86.ActiveCfg = Debug|Win32
		{002B94CB-0AD1-435F-914C-49CA4745CDE0}.Debug|x86.Build.0 = Debug|Win32
		{002B94CB-0AD1-435F-914C-49CA4745CDE0}.Release|x64.ActiveCfg = Release|x64
		{002B94CB-0AD1-435F-914C-49CA4745CDE0}.Release|x64.Build.0 = Release|x64
		{002B94CB-0AD1-435F-914C-49CA4745CDE0}.Release|x86.ActiveCfg = Release|Win32
		{002B94CB-0AD1-435F-914C-49CA4745CDE0}.Release|x86.Build.0 = Release|Win32
	EndGlobalSection
	GlobalSection(SolutionProperties) = preSolution
		HideSolutionNode = FALSE
	EndGlobalSection
	GlobalSection(ExtensibilityGlobals) = postSolution
		SolutionGuid = {F910DC35-D17C-4526-8D0F-5C90FE04032C}
	EndGlobalSection
EndGlobal
