
Microsoft Visual Studio Solution File, Format Version 12.00
# Visual Studio Version 17
VisualStudioVersion = 17.0.31903.59
MinimumVisualStudioVersion = 10.0.40219.1
Project("{8BC9CEB8-8B4A-11D0-8D11-00A0C91BC942}") = "states", "states\states.vcxproj", "{91B174A2-4331-45C8-B49E-E9ABF1F483EB}"
EndProject
Global
	GlobalSection(SolutionConfigurationPlatforms) = preSolution
		Debug|x64 = Debug|x64
		Debug|x86 = Debug|x86
		Release|x64 = Release|x64
		Release|x86 = Release|x86
	EndGlobalSection
	GlobalSection(ProjectConfigurationPlatforms) = postSolution
		{91B174A2-4331-45C8-B49E-E9ABF1F483EB}.Debug|x64.ActiveCfg = Debug|x64
		{91B174A2-4331-45C8-B49E-E9ABF1F483EB}.Debug|x64.Build.0 = Debug|x64
		{91B174A2-4331-45C8-B49E-E9ABF1F483EB}.Debug|x86.ActiveCfg = Debug|Win32
		{91B174A2-4331-45C8-B49E-E9ABF1F483EB}.Debug|x86.Build.0 = Debug|Win32
		{91B174A2-4331-45C8-B49E-E9ABF1F483EB}.Release|x64.ActiveCfg = Release|x64
		{91B174A2-4331-45C8-B49E-E9ABF1F483EB}.Release|x64.Build.0 = Release|x64
		{91B174A2-4331-45C8-B49E-E9ABF1F483EB}.Release|x86.ActiveCfg = Release|Win32
		{91B174A2-4331-45C8-B49E-E9ABF1F483EB}.Release|x86.Build.0 = Release|Win32
	EndGlobalSection
	GlobalSection(SolutionProperties) = preSolution
		HideSolutionNode = FALSE
	EndGlobalSection
	GlobalSection(ExtensibilityGlobals) = postSolution
		SolutionGuid = {F8095D37-B50D-411B-A4BA-BADD003114F2}
	EndGlobalSection
EndGlobal
